
Microsoft Visual Studio Solution File, Format Version 12.00
# Visual Studio Version 16
VisualStudioVersion = 16.0.30907.101
MinimumVisualStudioVersion = 10.0.40219.1
Project("{FAE04EC0-301F-11D3-BF4B-00C04F79EFBC}") = "DevEvents.API", "DevEvents.API\DevEvents.API.csproj", "{05CBA797-21CB-44CF-9DD3-8B410A8228BB}"
EndProject
Global
	GlobalSection(SolutionConfigurationPlatforms) = preSolution
		Debug|Any CPU = Debug|Any CPU
		Release|Any CPU = Release|Any CPU
	EndGlobalSection
	GlobalSection(ProjectConfigurationPlatforms) = postSolution
		{05CBA797-21CB-44CF-9DD3-8B410A8228BB}.Debug|Any CPU.ActiveCfg = Debug|Any CPU
		{05CBA797-21CB-44CF-9DD3-8B410A8228BB}.Debug|Any CPU.Build.0 = Debug|Any CPU
		{05CBA797-21CB-44CF-9DD3-8B410A8228BB}.Release|Any CPU.ActiveCfg = Release|Any CPU
		{05CBA797-21CB-44CF-9DD3-8B410A8228BB}.Release|Any CPU.Build.0 = Release|Any CPU
	EndGlobalSection
	GlobalSection(SolutionProperties) = preSolution
		HideSolutionNode = FALSE
	EndGlobalSection
	GlobalSection(ExtensibilityGlobals) = postSolution
		SolutionGuid = {15EF479D-D1B2-4794-A02F-D57BEF6AD054}
	EndGlobalSection
EndGlobal
